
Microsoft Visual Studio Solution File, Format Version 12.00
# Visual Studio Version 16
VisualStudioVersion = 16.0.31019.35
MinimumVisualStudioVersion = 10.0.40219.1
Project("{FAE04EC0-301F-11D3-BF4B-00C04F79EFBC}") = "2", "2.csproj", "{D5D106CF-3E97-4E9F-9123-DF47B8FA1F57}"
EndProject
Global
	GlobalSection(SolutionConfigurationPlatforms) = preSolution
		Debug|Any CPU = Debug|Any CPU
		Release|Any CPU = Release|Any CPU
	EndGlobalSection
	GlobalSection(ProjectConfigurationPlatforms) = postSolution
		{D5D106CF-3E97-4E9F-9123-DF47B8FA1F57}.Debug|Any CPU.ActiveCfg = Debug|Any CPU
		{D5D106CF-3E97-4E9F-9123-DF47B8FA1F57}.Debug|Any CPU.Build.0 = Debug|Any CPU
		{D5D106CF-3E97-4E9F-9123-DF47B8FA1F57}.Release|Any CPU.ActiveCfg = Release|Any CPU
		{D5D106CF-3E97-4E9F-9123-DF47B8FA1F57}.Release|Any CPU.Build.0 = Release|Any CPU
	EndGlobalSection
	GlobalSection(SolutionProperties) = preSolution
		HideSolutionNode = FALSE
	EndGlobalSection
	GlobalSection(ExtensibilityGlobals) = postSolution
		SolutionGuid = {1996A1AD-D8C2-4324-9F4E-85A7B91990E1}
	EndGlobalSection
EndGlobal
